<?xml version="1.0" encoding="utf-8"?>
<Project ToolsVersion="4.0" xmlns="http://schemas.microsoft.com/developer/msbuild/2003">
  <ItemGroup>
    <Filter Include="Source Files">
      <UniqueIdentifier>{4FC737F1-C7A5-4376-A066-2A32D752A2FF}</UniqueIdentifier>
      <Extensions>cpp;c;cc;cxx;c++;cppm;ixx;def;odl;idl;hpj;bat;asm;asmx</Extensions>
    </Filter>
    <Filter Include="Header Files">
      <UniqueIdentifier>{93995380-89BD-4b04-88EB-625FBE52EBFB}</UniqueIdentifier>
      <Extensions>h;hh;hpp;hxx;h++;hm;inl;inc;ipp;xsd</Extensions>
    </Filter>
    <Filter Include="Resource Files">
      <UniqueIdentifier>{67DA6AB6-F800-4c08-8B7A-83BB121AAD01}</UniqueIdentifier>
      <Extensions>rc;ico;cur;bmp;dlg;rc2;rct;bin;rgs;gif;jpg;jpeg;jpe;resx;tiff;tif;png;wav;mfcribbon-ms</Extensions>
    </Filter>
  </ItemGroup>
  <ItemGroup>
    <ClInclude Include="include\CommonUtilities\Utility\UtilityFunctions.hpp">
      <Filter>Header Files</Filter>
    </ClInclude>
    <ClInclude Include="include\CommonUtilities\System\Timer.h">
      <Filter>Header Files</Filter>
    </ClInclude>
    <ClInclude Include="include\CommonUtilities\Config.h">
      <Filter>Header Files</Filter>
    </ClInclude>
    <ClInclude Include="include\CommonUtilities\Structures\StackVector.hpp">
      <Filter>Header Files</Filter>
    </ClInclude>
    <ClInclude Include="include\CommonUtilities\CommonUtilities.h">
      <Filter>Header Files</Filter>
    </ClInclude>
    <ClInclude Include="include\CommonUtilities\Input\InputHandler.h">
      <Filter>Header Files</Filter>
    </ClInclude>
    <ClInclude Include="include\CommonUtilities\Input\KeyboardInput.h">
      <Filter>Header Files</Filter>
    </ClInclude>
    <ClInclude Include="include\CommonUtilities\Input\MouseInput.h">
      <Filter>Header Files</Filter>
    </ClInclude>
    <ClInclude Include="include\CommonUtilities\Input\MouseCursor.h">
      <Filter>Header Files</Filter>
    </ClInclude>
    <ClInclude Include="include\CommonUtilities\Input\JoystickInput.h">
      <Filter>Header Files</Filter>
    </ClInclude>
    <ClInclude Include="include\CommonUtilities\Utility\NonCopyable.h">
      <Filter>Header Files</Filter>
    </ClInclude>
    <ClInclude Include="include\CommonUtilities\Input\Keyboard.h">
      <Filter>Header Files</Filter>
    </ClInclude>
    <ClInclude Include="include\CommonUtilities\Input\Mouse.h">
      <Filter>Header Files</Filter>
    </ClInclude>
    <ClInclude Include="include\CommonUtilities\Input\InputHolder.h">
      <Filter>Header Files</Filter>
    </ClInclude>
    <ClInclude Include="include\CommonUtilities\Structures\FreeVector.hpp">
      <Filter>Header Files</Filter>
    </ClInclude>
    <ClInclude Include="include\CommonUtilities\Input\Joystick.h">
      <Filter>Header Files</Filter>
    </ClInclude>
    <ClInclude Include="include\CommonUtilities\Math\Vector2.hpp">
      <Filter>Header Files</Filter>
    </ClInclude>
    <ClInclude Include="include\CommonUtilities\Utility\Concepts.hpp">
      <Filter>Header Files</Filter>
    </ClInclude>
    <ClInclude Include="include\CommonUtilities\Utility\Traits.h">
      <Filter>Header Files</Filter>
    </ClInclude>
    <ClInclude Include="include\CommonUtilities\Utility\Random.hpp">
      <Filter>Header Files</Filter>
    </ClInclude>
    <ClInclude Include="include\CommonUtilities\Game\BaseEntity.hpp">
      <Filter>Header Files</Filter>
    </ClInclude>
    <ClInclude Include="include\CommonUtilities\System\IDGenerator.h">
      <Filter>Header Files</Filter>
    </ClInclude>
    <ClInclude Include="include\CommonUtilities\Utility\ContainerUtils.hpp">
      <Filter>Header Files</Filter>
    </ClInclude>
    <ClInclude Include="include\CommonUtilities\Structures\SmallVector.hpp">
      <Filter>Header Files</Filter>
    </ClInclude>
    <ClInclude Include="include\CommonUtilities\Math\Rectangle.hpp">
      <Filter>Header Files</Filter>
    </ClInclude>
    <ClInclude Include="include\CommonUtilities\Utility\ArithmeticUtils.hpp">
      <Filter>Header Files</Filter>
    </ClInclude>
    <ClInclude Include="include\CommonUtilities\Utility\Benchmark.h">
      <Filter>Header Files</Filter>
    </ClInclude>
    <ClInclude Include="include\CommonUtilities\Utility\StringUtils.h">
      <Filter>Header Files</Filter>
    </ClInclude>
    <ClInclude Include="include\CommonUtilities\Structures\StaticVector.hpp">
      <Filter>Header Files</Filter>
    </ClInclude>
    <ClInclude Include="include\CommonUtilities\Math\Vector3.hpp">
      <Filter>Header Files</Filter>
    </ClInclude>
    <ClInclude Include="include\CommonUtilities\Math\Vector.hpp">
      <Filter>Header Files</Filter>
    </ClInclude>
    <ClInclude Include="include\CommonUtilities\Math\Vector4.hpp">
      <Filter>Header Files</Filter>
    </ClInclude>
    <ClInclude Include="include\CommonUtilities\Math\Line.hpp">
      <Filter>Header Files</Filter>
    </ClInclude>
    <ClInclude Include="include\CommonUtilities\Math\Plane.hpp">
      <Filter>Header Files</Filter>
    </ClInclude>
    <ClInclude Include="include\CommonUtilities\Math\LineVolume.hpp">
      <Filter>Header Files</Filter>
    </ClInclude>
    <ClInclude Include="include\CommonUtilities\Math\PlaneVolume.hpp">
      <Filter>Header Files</Filter>
    </ClInclude>
    <ClInclude Include="include\CommonUtilities\System\Color.hpp">
      <Filter>Header Files</Filter>
    </ClInclude>
    <ClInclude Include="include\CommonUtilities\Math\Sphere.hpp">
      <Filter>Header Files</Filter>
    </ClInclude>
    <ClInclude Include="include\CommonUtilities\Math\AABB3D.hpp">
      <Filter>Header Files</Filter>
    </ClInclude>
    <ClInclude Include="include\CommonUtilities\Math\Ray.hpp">
      <Filter>Header Files</Filter>
    </ClInclude>
    <ClInclude Include="include\CommonUtilities\Math\Intersection.hpp">
      <Filter>Header Files</Filter>
    </ClInclude>
    <ClInclude Include="include\CommonUtilities\System\ThreadPool.h">
      <Filter>Header Files</Filter>
    </ClInclude>
    <ClInclude Include="include\CommonUtilities\Math\Matrix3x3.hpp">
      <Filter>Header Files</Filter>
    </ClInclude>
    <ClInclude Include="include\CommonUtilities\Math\Matrix4x4.hpp">
      <Filter>Header Files</Filter>
    </ClInclude>
    <ClInclude Include="include\CommonUtilities\Math\Matrix.hpp">
      <Filter>Header Files</Filter>
    </ClInclude>
    <ClInclude Include="include\CommonUtilities\Math\Transform2D.h">
      <Filter>Header Files</Filter>
    </ClInclude>
    <ClInclude Include="include\CommonUtilities\Math\Transform.h">
      <Filter>Header Files</Filter>
    </ClInclude>
    <ClInclude Include="include\CommonUtilities\System\Event.hpp">
      <Filter>Header Files</Filter>
    </ClInclude>
    <ClInclude Include="include\CommonUtilities\System\EventHandler.hpp">
      <Filter>Header Files</Filter>
    </ClInclude>
    <ClInclude Include="include\CommonUtilities\System\IEvent.h">
      <Filter>Header Files</Filter>
    </ClInclude>
    <ClInclude Include="include\CommonUtilities\System\EventID.h">
      <Filter>Header Files</Filter>
    </ClInclude>
    <ClInclude Include="include\CommonUtilities\System\EventIdentifiers.h">
      <Filter>Header Files</Filter>
    </ClInclude>
    <ClInclude Include="include\CommonUtilities\Input\Binds.hpp">
      <Filter>Header Files</Filter>
    </ClInclude>
    <ClInclude Include="include\CommonUtilities\Input\KeyboardBindable.hpp">
      <Filter>Header Files</Filter>
    </ClInclude>
    <ClInclude Include="include\CommonUtilities\Input\MouseBindable.hpp">
      <Filter>Header Files</Filter>
    </ClInclude>
    <ClInclude Include="include\CommonUtilities\Structures\PriorityQueue.hpp">
      <Filter>Header Files</Filter>
    </ClInclude>
    <ClInclude Include="include\CommonUtilities\Structures\ResourceHolder.hpp">
      <Filter>Header Files</Filter>
    </ClInclude>
    <ClInclude Include="include\CommonUtilities\Structures\ResourceLoader.hpp">
      <Filter>Header Files</Filter>
    </ClInclude>
    <ClInclude Include="include\CommonUtilities\Game\StateStack.hpp">
      <Filter>Header Files</Filter>
    </ClInclude>
    <ClInclude Include="include\CommonUtilities\Game\State.hpp">
      <Filter>Header Files</Filter>
    </ClInclude>
    <ClInclude Include="include\CommonUtilities\Math\Shape.h">
      <Filter>Header Files</Filter>
    </ClInclude>
    <ClInclude Include="include\CommonUtilities\Input\ButtonEvent.hpp">
      <Filter>Header Files</Filter>
    </ClInclude>
  </ItemGroup>
  <ItemGroup>
    <ClCompile Include="src\CommonUtilities\System\Timer.cpp">
      <Filter>Source Files</Filter>
    </ClCompile>
    <ClCompile Include="src\CommonUtilities\Input\InputHandler.cpp">
      <Filter>Source Files</Filter>
    </ClCompile>
    <ClCompile Include="src\CommonUtilities\Input\Keyboard.cpp">
      <Filter>Source Files</Filter>
    </ClCompile>
    <ClCompile Include="src\CommonUtilities\Input\Mouse.cpp">
      <Filter>Source Files</Filter>
    </ClCompile>
    <ClCompile Include="src\CommonUtilities\Input\KeyboardInput.cpp">
      <Filter>Source Files</Filter>
    </ClCompile>
    <ClCompile Include="src\CommonUtilities\Input\MouseInput.cpp">
      <Filter>Source Files</Filter>
    </ClCompile>
    <ClCompile Include="src\CommonUtilities\Input\InputHolder.cpp">
      <Filter>Source Files</Filter>
    </ClCompile>
    <ClCompile Include="src\CommonUtilities\Utility\StringUtils.cpp">
      <Filter>Source Files</Filter>
    </ClCompile>
    <ClCompile Include="src\CommonUtilities\Utility\Benchmark.cpp">
      <Filter>Source Files</Filter>
    </ClCompile>
    <ClCompile Include="src\CommonUtilities\System\ThreadPool.cpp">
      <Filter>Source Files</Filter>
    </ClCompile>
    <ClCompile Include="src\CommonUtilities\Math\Transform2D.cpp">
      <Filter>Source Files</Filter>
    </ClCompile>
    <ClCompile Include="src\CommonUtilities\Math\Transform.cpp">
      <Filter>Source Files</Filter>
    </ClCompile>
    <ClCompile Include="src\CommonUtilities\System\EventID.cpp">
      <Filter>Source Files</Filter>
    </ClCompile>
    <ClCompile Include="src\CommonUtilities\Input\MouseCursor.cpp">
      <Filter>Source Files</Filter>
    </ClCompile>
    <ClCompile Include="src\CommonUtilities\Math\Shape.cpp">
      <Filter>Source Files</Filter>
    </ClCompile>
  </ItemGroup>
  <ItemGroup>
    <None Include="cpp.hint" />
  </ItemGroup>
</Project>